
Microsoft Visual Studio Solution File, Format Version 12.00
# Visual Studio Version 17
VisualStudioVersion = 17.3.32825.248
MinimumVisualStudioVersion = 10.0.40219.1
Project("{9A19103F-16F7-4668-BE54-9A1E7A4F7556}") = "RoleManagement.RoleManagementService", "RoleManagement.RoleManagementService\RoleManagement.RoleManagementService.csproj", "{9508CE6D-E8EF-4AD2-ABAB-0818C14BAA09}"
EndProject
Project("{FAE04EC0-301F-11D3-BF4B-00C04F79EFBC}") = "RoleManagement.RoleManagementService.Web", "RoleManagement.RoleManagementService.Web\RoleManagement.RoleManagementService.Web.csproj", "{2FD20BE6-39DF-4051-9A22-4717A708139F}"
EndProject
Project("{2150E333-8FDC-42A3-9474-1A3956D46DE8}") = "DataAccess", "DataAccess", "{FD37A32E-F3BB-47CF-B6AC-72B44DFBAD64}"
EndProject
Project("{FAE04EC0-301F-11D3-BF4B-00C04F79EFBC}") = "RoleManagement.RoleManagementService.Commands", "RoleManagement.RoleManagementService.Commands\RoleManagement.RoleManagementService.Commands.csproj", "{E413DF16-E20E-4937-8108-05F0157312CA}"
EndProject
Project("{FAE04EC0-301F-11D3-BF4B-00C04F79EFBC}") = "RoleManagement.RoleManagementService.Queries", "RoleManagement.RoleManagementService.Queries\RoleManagement.RoleManagementService.Queries.csproj", "{CFE240D8-7066-448F-A89C-2EC3817A61EE}"
EndProject
Project("{FAE04EC0-301F-11D3-BF4B-00C04F79EFBC}") = "RoleManagement.RoleManagementService.DataPersistence", "RoleManagement.RoleManagementService.DataPersistence\RoleManagement.RoleManagementService.DataPersistence.csproj", "{2DCB1F64-EBAC-404A-A532-86D1CCF9FC04}"
EndProject
Project("{FAE04EC0-301F-11D3-BF4B-00C04F79EFBC}") = "RoleManagement.RoleManagementService.Dto", "RoleManagement.RoleManagementService.Dto\RoleManagement.RoleManagementService.Dto.csproj", "{C653DA20-9AA2-45FA-9FE3-C9F29F96FB57}"
EndProject
Global
	GlobalSection(SolutionConfigurationPlatforms) = preSolution
		Debug|Any CPU = Debug|Any CPU
		Release|Any CPU = Release|Any CPU
	EndGlobalSection
	GlobalSection(ProjectConfigurationPlatforms) = postSolution
		{9508CE6D-E8EF-4AD2-ABAB-0818C14BAA09}.Debug|Any CPU.ActiveCfg = Debug|Any CPU
		{9508CE6D-E8EF-4AD2-ABAB-0818C14BAA09}.Debug|Any CPU.Build.0 = Debug|Any CPU
		{9508CE6D-E8EF-4AD2-ABAB-0818C14BAA09}.Release|Any CPU.ActiveCfg = Release|Any CPU
		{9508CE6D-E8EF-4AD2-ABAB-0818C14BAA09}.Release|Any CPU.Build.0 = Release|Any CPU
		{2FD20BE6-39DF-4051-9A22-4717A708139F}.Debug|Any CPU.ActiveCfg = Debug|Any CPU
		{2FD20BE6-39DF-4051-9A22-4717A708139F}.Debug|Any CPU.Build.0 = Debug|Any CPU
		{2FD20BE6-39DF-4051-9A22-4717A708139F}.Release|Any CPU.ActiveCfg = Release|Any CPU
		{2FD20BE6-39DF-4051-9A22-4717A708139F}.Release|Any CPU.Build.0 = Release|Any CPU
		{E413DF16-E20E-4937-8108-05F0157312CA}.Debug|Any CPU.ActiveCfg = Debug|Any CPU
		{E413DF16-E20E-4937-8108-05F0157312CA}.Debug|Any CPU.Build.0 = Debug|Any CPU
		{E413DF16-E20E-4937-8108-05F0157312CA}.Release|Any CPU.ActiveCfg = Release|Any CPU
		{E413DF16-E20E-4937-8108-05F0157312CA}.Release|Any CPU.Build.0 = Release|Any CPU
		{CFE240D8-7066-448F-A89C-2EC3817A61EE}.Debug|Any CPU.ActiveCfg = Debug|Any CPU
		{CFE240D8-7066-448F-A89C-2EC3817A61EE}.Debug|Any CPU.Build.0 = Debug|Any CPU
		{CFE240D8-7066-448F-A89C-2EC3817A61EE}.Release|Any CPU.ActiveCfg = Release|Any CPU
		{CFE240D8-7066-448F-A89C-2EC3817A61EE}.Release|Any CPU.Build.0 = Release|Any CPU
		{2DCB1F64-EBAC-404A-A532-86D1CCF9FC04}.Debug|Any CPU.ActiveCfg = Debug|Any CPU
		{2DCB1F64-EBAC-404A-A532-86D1CCF9FC04}.Debug|Any CPU.Build.0 = Debug|Any CPU
		{2DCB1F64-EBAC-404A-A532-86D1CCF9FC04}.Release|Any CPU.ActiveCfg = Release|Any CPU
		{2DCB1F64-EBAC-404A-A532-86D1CCF9FC04}.Release|Any CPU.Build.0 = Release|Any CPU
		{C653DA20-9AA2-45FA-9FE3-C9F29F96FB57}.Debug|Any CPU.ActiveCfg = Debug|Any CPU
		{C653DA20-9AA2-45FA-9FE3-C9F29F96FB57}.Debug|Any CPU.Build.0 = Debug|Any CPU
		{C653DA20-9AA2-45FA-9FE3-C9F29F96FB57}.Release|Any CPU.ActiveCfg = Release|Any CPU
		{C653DA20-9AA2-45FA-9FE3-C9F29F96FB57}.Release|Any CPU.Build.0 = Release|Any CPU
	EndGlobalSection
	GlobalSection(SolutionProperties) = preSolution
		HideSolutionNode = FALSE
	EndGlobalSection
	GlobalSection(NestedProjects) = preSolution
		{E413DF16-E20E-4937-8108-05F0157312CA} = {FD37A32E-F3BB-47CF-B6AC-72B44DFBAD64}
		{CFE240D8-7066-448F-A89C-2EC3817A61EE} = {FD37A32E-F3BB-47CF-B6AC-72B44DFBAD64}
		{2DCB1F64-EBAC-404A-A532-86D1CCF9FC04} = {FD37A32E-F3BB-47CF-B6AC-72B44DFBAD64}
	EndGlobalSection
	GlobalSection(ExtensibilityGlobals) = postSolution
		SolutionGuid = {C4A06ADF-EDC9-40EE-90DD-23D2A1A1B175}
	EndGlobalSection
EndGlobal
